
Microsoft Visual Studio Solution File, Format Version 12.00
# Visual Studio Version 17
VisualStudioVersion = 17.4.33122.133
MinimumVisualStudioVersion = 10.0.40219.1
Project("{FAE04EC0-301F-11D3-BF4B-00C04F79EFBC}") = "WpfApp11", "WpfApp11\WpfApp11.csproj", "{A6D4CB13-C296-4815-9023-F59C307CC7C1}"
EndProject
Global
	GlobalSection(SolutionConfigurationPlatforms) = preSolution
		Debug|Any CPU = Debug|Any CPU
		Release|Any CPU = Release|Any CPU
	EndGlobalSection
	GlobalSection(ProjectConfigurationPlatforms) = postSolution
		{A6D4CB13-C296-4815-9023-F59C307CC7C1}.Debug|Any CPU.ActiveCfg = Debug|Any CPU
		{A6D4CB13-C296-4815-9023-F59C307CC7C1}.Debug|Any CPU.Build.0 = Debug|Any CPU
		{A6D4CB13-C296-4815-9023-F59C307CC7C1}.Release|Any CPU.ActiveCfg = Release|Any CPU
		{A6D4CB13-C296-4815-9023-F59C307CC7C1}.Release|Any CPU.Build.0 = Release|Any CPU
	EndGlobalSection
	GlobalSection(SolutionProperties) = preSolution
		HideSolutionNode = FALSE
	EndGlobalSection
	GlobalSection(ExtensibilityGlobals) = postSolution
		SolutionGuid = {5BEE77FF-DC37-45B3-A835-137346CD78E9}
	EndGlobalSection
EndGlobal
